
Microsoft Visual Studio Solution File, Format Version 12.00
# Visual Studio Version 17
VisualStudioVersion = 17.10.35122.118
MinimumVisualStudioVersion = 10.0.40219.1
Project("{9A19103F-16F7-4668-BE54-9A1E7A4F7556}") = "API", "api-quick-bubble\API.csproj", "{B987BFB6-C21D-46D2-A996-47E5AC9C8B5D}"
EndProject
Project("{FAE04EC0-301F-11D3-BF4B-00C04F79EFBC}") = "Domain", "Domain\Domain.csproj", "{527C68BE-3BE7-4A6D-AF89-665420DB4C67}"
EndProject
Project("{FAE04EC0-301F-11D3-BF4B-00C04F79EFBC}") = "Application", "Application\Application.csproj", "{17894788-91A2-47EA-9861-5F18AB284D05}"
EndProject
Project("{FAE04EC0-301F-11D3-BF4B-00C04F79EFBC}") = "Tests", "Tests\Tests.csproj", "{02CEFFF8-7651-43C7-8E09-6B4445E996D9}"
EndProject
Global
	GlobalSection(SolutionConfigurationPlatforms) = preSolution
		Debug|Any CPU = Debug|Any CPU
		Release|Any CPU = Release|Any CPU
	EndGlobalSection
	GlobalSection(ProjectConfigurationPlatforms) = postSolution
		{B987BFB6-C21D-46D2-A996-47E5AC9C8B5D}.Debug|Any CPU.ActiveCfg = Debug|Any CPU
		{B987BFB6-C21D-46D2-A996-47E5AC9C8B5D}.Debug|Any CPU.Build.0 = Debug|Any CPU
		{B987BFB6-C21D-46D2-A996-47E5AC9C8B5D}.Release|Any CPU.ActiveCfg = Release|Any CPU
		{B987BFB6-C21D-46D2-A996-47E5AC9C8B5D}.Release|Any CPU.Build.0 = Release|Any CPU
		{527C68BE-3BE7-4A6D-AF89-665420DB4C67}.Debug|Any CPU.ActiveCfg = Debug|Any CPU
		{527C68BE-3BE7-4A6D-AF89-665420DB4C67}.Debug|Any CPU.Build.0 = Debug|Any CPU
		{527C68BE-3BE7-4A6D-AF89-665420DB4C67}.Release|Any CPU.ActiveCfg = Release|Any CPU
		{527C68BE-3BE7-4A6D-AF89-665420DB4C67}.Release|Any CPU.Build.0 = Release|Any CPU
		{17894788-91A2-47EA-9861-5F18AB284D05}.Debug|Any CPU.ActiveCfg = Debug|Any CPU
		{17894788-91A2-47EA-9861-5F18AB284D05}.Debug|Any CPU.Build.0 = Debug|Any CPU
		{17894788-91A2-47EA-9861-5F18AB284D05}.Release|Any CPU.ActiveCfg = Release|Any CPU
		{17894788-91A2-47EA-9861-5F18AB284D05}.Release|Any CPU.Build.0 = Release|Any CPU
		{02CEFFF8-7651-43C7-8E09-6B4445E996D9}.Debug|Any CPU.ActiveCfg = Debug|Any CPU
		{02CEFFF8-7651-43C7-8E09-6B4445E996D9}.Debug|Any CPU.Build.0 = Debug|Any CPU
		{02CEFFF8-7651-43C7-8E09-6B4445E996D9}.Release|Any CPU.ActiveCfg = Release|Any CPU
		{02CEFFF8-7651-43C7-8E09-6B4445E996D9}.Release|Any CPU.Build.0 = Release|Any CPU
	EndGlobalSection
	GlobalSection(SolutionProperties) = preSolution
		HideSolutionNode = FALSE
	EndGlobalSection
	GlobalSection(ExtensibilityGlobals) = postSolution
		SolutionGuid = {1514202F-25B1-4486-9E05-A6B4E7235F18}
	EndGlobalSection
EndGlobal
